{
  "version": 4,
  "terraform_version": "1.10.1",
  "serial": 182,
  "lineage": "d24b5246-2d79-ce83-2385-8133c3fe8447",
  "outputs": {},
  "resources": [
    {
      "mode": "managed",
      "type": "azurerm_network_interface_security_group_association",
      "name": "jenkins_nic_nsg_assoc",
      "provider": "provider[\"registry.terraform.io/hashicorp/azurerm\"]",
      "instances": [
        {
          "schema_version": 0,
          "attributes": {
            "id": "/subscriptions/96dd7bbb-5319-4ad7-93a1-ff1de8e90a9b/resourceGroups/rg-dev/providers/Microsoft.Network/networkInterfaces/jenkins-NIC|/subscriptions/96dd7bbb-5319-4ad7-93a1-ff1de8e90a9b/resourceGroups/rg-dev/providers/Microsoft.Network/networkSecurityGroups/jenkins-nsg",
            "network_interface_id": "/subscriptions/96dd7bbb-5319-4ad7-93a1-ff1de8e90a9b/resourceGroups/rg-dev/providers/Microsoft.Network/networkInterfaces/jenkins-NIC",
            "network_security_group_id": "/subscriptions/96dd7bbb-5319-4ad7-93a1-ff1de8e90a9b/resourceGroups/rg-dev/providers/Microsoft.Network/networkSecurityGroups/jenkins-nsg",
            "timeouts": null
          },
          "sensitive_attributes": [],
          "private": "eyJlMmJmYjczMC1lY2FhLTExZTYtOGY4OC0zNDM2M2JjN2M0YzAiOnsiY3JlYXRlIjoxODAwMDAwMDAwMDAwLCJkZWxldGUiOjE4MDAwMDAwMDAwMDAsInJlYWQiOjMwMDAwMDAwMDAwMCwidXBkYXRlIjoxODAwMDAwMDAwMDAwfX0=",
          "dependencies": [
            "azurerm_resource_group.rg",
            "module.Vnet.azurerm_virtual_network.moduleVnet",
            "module.jenkins-nsg_with_rules.azurerm_network_security_group.this",
            "module.nics.azurerm_network_interface.module-nic",
            "module.public_ips.azurerm_public_ip.module-publicIP",
            "module.subnets.azurerm_subnet.this"
          ]
        }
      ]
    },
    {
      "mode": "managed",
      "type": "azurerm_network_interface_security_group_association",
      "name": "nginx_nic_nsg_assoc",
      "provider": "provider[\"registry.terraform.io/hashicorp/azurerm\"]",
      "instances": [
        {
          "schema_version": 0,
          "attributes": {
            "id": "/subscriptions/96dd7bbb-5319-4ad7-93a1-ff1de8e90a9b/resourceGroups/rg-dev/providers/Microsoft.Network/networkInterfaces/nginx-NIC|/subscriptions/96dd7bbb-5319-4ad7-93a1-ff1de8e90a9b/resourceGroups/rg-dev/providers/Microsoft.Network/networkSecurityGroups/nginx-nsg",
            "network_interface_id": "/subscriptions/96dd7bbb-5319-4ad7-93a1-ff1de8e90a9b/resourceGroups/rg-dev/providers/Microsoft.Network/networkInterfaces/nginx-NIC",
            "network_security_group_id": "/subscriptions/96dd7bbb-5319-4ad7-93a1-ff1de8e90a9b/resourceGroups/rg-dev/providers/Microsoft.Network/networkSecurityGroups/nginx-nsg",
            "timeouts": null
          },
          "sensitive_attributes": [],
          "private": "eyJlMmJmYjczMC1lY2FhLTExZTYtOGY4OC0zNDM2M2JjN2M0YzAiOnsiY3JlYXRlIjoxODAwMDAwMDAwMDAwLCJkZWxldGUiOjE4MDAwMDAwMDAwMDAsInJlYWQiOjMwMDAwMDAwMDAwMCwidXBkYXRlIjoxODAwMDAwMDAwMDAwfX0=",
          "dependencies": [
            "azurerm_resource_group.rg",
            "module.Vnet.azurerm_virtual_network.moduleVnet",
            "module.nginx-nsg_with_rules.azurerm_network_security_group.this",
            "module.nics.azurerm_network_interface.module-nic",
            "module.public_ips.azurerm_public_ip.module-publicIP",
            "module.subnets.azurerm_subnet.this"
          ]
        }
      ]
    },
    {
      "mode": "managed",
      "type": "azurerm_resource_group",
      "name": "rg",
      "provider": "provider[\"registry.terraform.io/hashicorp/azurerm\"]",
      "instances": [
        {
          "schema_version": 0,
          "attributes": {
            "id": "/subscriptions/96dd7bbb-5319-4ad7-93a1-ff1de8e90a9b/resourceGroups/rg-dev",
            "location": "canadacentral",
            "name": "rg-dev",
            "tags": null,
            "timeouts": null
          },
          "sensitive_attributes": [],
          "private": "eyJlMmJmYjczMC1lY2FhLTExZTYtOGY4OC0zNDM2M2JjN2M0YzAiOnsiY3JlYXRlIjo1NDAwMDAwMDAwMDAwLCJkZWxldGUiOjU0MDAwMDAwMDAwMDAsInJlYWQiOjMwMDAwMDAwMDAwMCwidXBkYXRlIjo1NDAwMDAwMDAwMDAwfX0="
        }
      ]
    },
    {
      "mode": "managed",
      "type": "null_resource",
      "name": "nginx-provisioner",
      "provider": "provider[\"registry.terraform.io/hashicorp/null\"]",
      "instances": [
        {
          "index_key": "nginx",
          "schema_version": 0,
          "attributes": {
            "id": "4462057665020304912",
            "triggers": null
          },
          "sensitive_attributes": [],
          "dependencies": [
            "azurerm_resource_group.rg",
            "module.Vnet.azurerm_virtual_network.moduleVnet",
            "module.nics.azurerm_network_interface.module-nic",
            "module.public_ips.azurerm_public_ip.module-publicIP",
            "module.subnets.azurerm_subnet.this",
            "module.virtualmachine.azurerm_linux_virtual_machine.module-linuxvm"
          ]
        }
      ]
    },
    {
      "module": "module.Vnet",
      "mode": "managed",
      "type": "azurerm_virtual_network",
      "name": "moduleVnet",
      "provider": "provider[\"registry.terraform.io/hashicorp/azurerm\"]",
      "instances": [
        {
          "schema_version": 0,
          "attributes": {
            "address_space": [
              "10.0.0.0/16"
            ],
            "bgp_community": "",
            "ddos_protection_plan": [],
            "dns_servers": [],
            "edge_zone": "",
            "flow_timeout_in_minutes": 0,
            "guid": "eac7aa8d-6304-438f-af80-49f8f9dadab2",
            "id": "/subscriptions/96dd7bbb-5319-4ad7-93a1-ff1de8e90a9b/resourceGroups/rg-dev/providers/Microsoft.Network/virtualNetworks/vnet-dev",
            "location": "canadacentral",
            "name": "vnet-dev",
            "resource_group_name": "rg-dev",
            "subnet": [],
            "tags": null,
            "timeouts": null
          },
          "sensitive_attributes": [],
          "private": "eyJlMmJmYjczMC1lY2FhLTExZTYtOGY4OC0zNDM2M2JjN2M0YzAiOnsiY3JlYXRlIjoxODAwMDAwMDAwMDAwLCJkZWxldGUiOjE4MDAwMDAwMDAwMDAsInJlYWQiOjMwMDAwMDAwMDAwMCwidXBkYXRlIjoxODAwMDAwMDAwMDAwfX0=",
          "dependencies": [
            "azurerm_resource_group.rg"
          ]
        }
      ]
    },
    {
      "module": "module.jenkins-nsg_with_rules",
      "mode": "managed",
      "type": "azurerm_network_security_group",
      "name": "this",
      "provider": "provider[\"registry.terraform.io/hashicorp/azurerm\"]",
      "instances": [
        {
          "schema_version": 0,
          "attributes": {
            "id": "/subscriptions/96dd7bbb-5319-4ad7-93a1-ff1de8e90a9b/resourceGroups/rg-dev/providers/Microsoft.Network/networkSecurityGroups/jenkins-nsg",
            "location": "canadacentral",
            "name": "jenkins-nsg",
            "resource_group_name": "rg-dev",
            "security_rule": [],
            "tags": null,
            "timeouts": null
          },
          "sensitive_attributes": [],
          "private": "eyJlMmJmYjczMC1lY2FhLTExZTYtOGY4OC0zNDM2M2JjN2M0YzAiOnsiY3JlYXRlIjoxODAwMDAwMDAwMDAwLCJkZWxldGUiOjE4MDAwMDAwMDAwMDAsInJlYWQiOjMwMDAwMDAwMDAwMCwidXBkYXRlIjoxODAwMDAwMDAwMDAwfX0=",
          "dependencies": [
            "azurerm_resource_group.rg"
          ]
        }
      ]
    },
    {
      "module": "module.jenkins-nsg_with_rules",
      "mode": "managed",
      "type": "azurerm_network_security_rule",
      "name": "rules",
      "provider": "provider[\"registry.terraform.io/hashicorp/azurerm\"]",
      "instances": [
        {
          "index_key": "allow-jenkins-web",
          "schema_version": 0,
          "attributes": {
            "access": "Allow",
            "description": "",
            "destination_address_prefix": "*",
            "destination_address_prefixes": null,
            "destination_application_security_group_ids": null,
            "destination_port_range": "8080",
            "destination_port_ranges": null,
            "direction": "Inbound",
            "id": "/subscriptions/96dd7bbb-5319-4ad7-93a1-ff1de8e90a9b/resourceGroups/rg-dev/providers/Microsoft.Network/networkSecurityGroups/jenkins-nsg/securityRules/allow-jenkins-web",
            "name": "allow-jenkins-web",
            "network_security_group_name": "jenkins-nsg",
            "priority": 110,
            "protocol": "Tcp",
            "resource_group_name": "rg-dev",
            "source_address_prefix": "*",
            "source_address_prefixes": null,
            "source_application_security_group_ids": null,
            "source_port_range": "*",
            "source_port_ranges": null,
            "timeouts": null
          },
          "sensitive_attributes": [],
          "private": "eyJlMmJmYjczMC1lY2FhLTExZTYtOGY4OC0zNDM2M2JjN2M0YzAiOnsiY3JlYXRlIjoxODAwMDAwMDAwMDAwLCJkZWxldGUiOjE4MDAwMDAwMDAwMDAsInJlYWQiOjMwMDAwMDAwMDAwMCwidXBkYXRlIjoxODAwMDAwMDAwMDAwfX0=",
          "dependencies": [
            "azurerm_resource_group.rg",
            "module.Vnet.azurerm_virtual_network.moduleVnet",
            "module.jenkins-nsg_with_rules.azurerm_network_security_group.this",
            "module.nics.azurerm_network_interface.module-nic",
            "module.public_ips.azurerm_public_ip.module-publicIP",
            "module.subnets.azurerm_subnet.this"
          ]
        },
        {
          "index_key": "allow-nginx-to-jenkins",
          "schema_version": 0,
          "attributes": {
            "access": "Allow",
            "description": "",
            "destination_address_prefix": "*",
            "destination_address_prefixes": null,
            "destination_application_security_group_ids": null,
            "destination_port_range": "8080",
            "destination_port_ranges": null,
            "direction": "Inbound",
            "id": "/subscriptions/96dd7bbb-5319-4ad7-93a1-ff1de8e90a9b/resourceGroups/rg-dev/providers/Microsoft.Network/networkSecurityGroups/jenkins-nsg/securityRules/allow-nginx-to-jenkins",
            "name": "allow-nginx-to-jenkins",
            "network_security_group_name": "jenkins-nsg",
            "priority": 120,
            "protocol": "Tcp",
            "resource_group_name": "rg-dev",
            "source_address_prefix": "10.0.1.4",
            "source_address_prefixes": null,
            "source_application_security_group_ids": null,
            "source_port_range": "*",
            "source_port_ranges": null,
            "timeouts": null
          },
          "sensitive_attributes": [],
          "private": "eyJlMmJmYjczMC1lY2FhLTExZTYtOGY4OC0zNDM2M2JjN2M0YzAiOnsiY3JlYXRlIjoxODAwMDAwMDAwMDAwLCJkZWxldGUiOjE4MDAwMDAwMDAwMDAsInJlYWQiOjMwMDAwMDAwMDAwMCwidXBkYXRlIjoxODAwMDAwMDAwMDAwfX0=",
          "dependencies": [
            "azurerm_resource_group.rg",
            "module.Vnet.azurerm_virtual_network.moduleVnet",
            "module.jenkins-nsg_with_rules.azurerm_network_security_group.this",
            "module.nics.azurerm_network_interface.module-nic",
            "module.public_ips.azurerm_public_ip.module-publicIP",
            "module.subnets.azurerm_subnet.this"
          ]
        },
        {
          "index_key": "allow-ssh",
          "schema_version": 0,
          "attributes": {
            "access": "Allow",
            "description": "",
            "destination_address_prefix": "*",
            "destination_address_prefixes": null,
            "destination_application_security_group_ids": null,
            "destination_port_range": "22",
            "destination_port_ranges": null,
            "direction": "Inbound",
            "id": "/subscriptions/96dd7bbb-5319-4ad7-93a1-ff1de8e90a9b/resourceGroups/rg-dev/providers/Microsoft.Network/networkSecurityGroups/jenkins-nsg/securityRules/allow-ssh",
            "name": "allow-ssh",
            "network_security_group_name": "jenkins-nsg",
            "priority": 100,
            "protocol": "Tcp",
            "resource_group_name": "rg-dev",
            "source_address_prefix": "*",
            "source_address_prefixes": null,
            "source_application_security_group_ids": null,
            "source_port_range": "*",
            "source_port_ranges": null,
            "timeouts": null
          },
          "sensitive_attributes": [],
          "private": "eyJlMmJmYjczMC1lY2FhLTExZTYtOGY4OC0zNDM2M2JjN2M0YzAiOnsiY3JlYXRlIjoxODAwMDAwMDAwMDAwLCJkZWxldGUiOjE4MDAwMDAwMDAwMDAsInJlYWQiOjMwMDAwMDAwMDAwMCwidXBkYXRlIjoxODAwMDAwMDAwMDAwfX0=",
          "dependencies": [
            "azurerm_resource_group.rg",
            "module.Vnet.azurerm_virtual_network.moduleVnet",
            "module.jenkins-nsg_with_rules.azurerm_network_security_group.this",
            "module.nics.azurerm_network_interface.module-nic",
            "module.public_ips.azurerm_public_ip.module-publicIP",
            "module.subnets.azurerm_subnet.this"
          ]
        },
        {
          "index_key": "deny-all-outbound",
          "schema_version": 0,
          "attributes": {
            "access": "Deny",
            "description": "",
            "destination_address_prefix": "*",
            "destination_address_prefixes": null,
            "destination_application_security_group_ids": null,
            "destination_port_range": "*",
            "destination_port_ranges": null,
            "direction": "Outbound",
            "id": "/subscriptions/96dd7bbb-5319-4ad7-93a1-ff1de8e90a9b/resourceGroups/rg-dev/providers/Microsoft.Network/networkSecurityGroups/jenkins-nsg/securityRules/deny-all-outbound",
            "name": "deny-all-outbound",
            "network_security_group_name": "jenkins-nsg",
            "priority": 200,
            "protocol": "*",
            "resource_group_name": "rg-dev",
            "source_address_prefix": "*",
            "source_address_prefixes": null,
            "source_application_security_group_ids": null,
            "source_port_range": "*",
            "source_port_ranges": null,
            "timeouts": null
          },
          "sensitive_attributes": [],
          "private": "eyJlMmJmYjczMC1lY2FhLTExZTYtOGY4OC0zNDM2M2JjN2M0YzAiOnsiY3JlYXRlIjoxODAwMDAwMDAwMDAwLCJkZWxldGUiOjE4MDAwMDAwMDAwMDAsInJlYWQiOjMwMDAwMDAwMDAwMCwidXBkYXRlIjoxODAwMDAwMDAwMDAwfX0=",
          "dependencies": [
            "azurerm_resource_group.rg",
            "module.Vnet.azurerm_virtual_network.moduleVnet",
            "module.jenkins-nsg_with_rules.azurerm_network_security_group.this",
            "module.nics.azurerm_network_interface.module-nic",
            "module.public_ips.azurerm_public_ip.module-publicIP",
            "module.subnets.azurerm_subnet.this"
          ]
        }
      ]
    },
    {
      "module": "module.nginx-nsg_with_rules",
      "mode": "managed",
      "type": "azurerm_network_security_group",
      "name": "this",
      "provider": "provider[\"registry.terraform.io/hashicorp/azurerm\"]",
      "instances": [
        {
          "schema_version": 0,
          "attributes": {
            "id": "/subscriptions/96dd7bbb-5319-4ad7-93a1-ff1de8e90a9b/resourceGroups/rg-dev/providers/Microsoft.Network/networkSecurityGroups/nginx-nsg",
            "location": "canadacentral",
            "name": "nginx-nsg",
            "resource_group_name": "rg-dev",
            "security_rule": [],
            "tags": null,
            "timeouts": null
          },
          "sensitive_attributes": [],
          "private": "eyJlMmJmYjczMC1lY2FhLTExZTYtOGY4OC0zNDM2M2JjN2M0YzAiOnsiY3JlYXRlIjoxODAwMDAwMDAwMDAwLCJkZWxldGUiOjE4MDAwMDAwMDAwMDAsInJlYWQiOjMwMDAwMDAwMDAwMCwidXBkYXRlIjoxODAwMDAwMDAwMDAwfX0=",
          "dependencies": [
            "azurerm_resource_group.rg"
          ]
        }
      ]
    },
    {
      "module": "module.nginx-nsg_with_rules",
      "mode": "managed",
      "type": "azurerm_network_security_rule",
      "name": "rules",
      "provider": "provider[\"registry.terraform.io/hashicorp/azurerm\"]",
      "instances": [
        {
          "index_key": "allow-http",
          "schema_version": 0,
          "attributes": {
            "access": "Allow",
            "description": "",
            "destination_address_prefix": "*",
            "destination_address_prefixes": null,
            "destination_application_security_group_ids": null,
            "destination_port_range": "80",
            "destination_port_ranges": null,
            "direction": "Inbound",
            "id": "/subscriptions/96dd7bbb-5319-4ad7-93a1-ff1de8e90a9b/resourceGroups/rg-dev/providers/Microsoft.Network/networkSecurityGroups/nginx-nsg/securityRules/allow-http",
            "name": "allow-http",
            "network_security_group_name": "nginx-nsg",
            "priority": 110,
            "protocol": "Tcp",
            "resource_group_name": "rg-dev",
            "source_address_prefix": "*",
            "source_address_prefixes": null,
            "source_application_security_group_ids": null,
            "source_port_range": "*",
            "source_port_ranges": null,
            "timeouts": null
          },
          "sensitive_attributes": [],
          "private": "eyJlMmJmYjczMC1lY2FhLTExZTYtOGY4OC0zNDM2M2JjN2M0YzAiOnsiY3JlYXRlIjoxODAwMDAwMDAwMDAwLCJkZWxldGUiOjE4MDAwMDAwMDAwMDAsInJlYWQiOjMwMDAwMDAwMDAwMCwidXBkYXRlIjoxODAwMDAwMDAwMDAwfX0=",
          "dependencies": [
            "azurerm_resource_group.rg",
            "module.Vnet.azurerm_virtual_network.moduleVnet",
            "module.nginx-nsg_with_rules.azurerm_network_security_group.this",
            "module.nics.azurerm_network_interface.module-nic",
            "module.public_ips.azurerm_public_ip.module-publicIP",
            "module.subnets.azurerm_subnet.this"
          ]
        },
        {
          "index_key": "allow-https",
          "schema_version": 0,
          "attributes": {
            "access": "Allow",
            "description": "",
            "destination_address_prefix": "*",
            "destination_address_prefixes": null,
            "destination_application_security_group_ids": null,
            "destination_port_range": "443",
            "destination_port_ranges": null,
            "direction": "Inbound",
            "id": "/subscriptions/96dd7bbb-5319-4ad7-93a1-ff1de8e90a9b/resourceGroups/rg-dev/providers/Microsoft.Network/networkSecurityGroups/nginx-nsg/securityRules/allow-https",
            "name": "allow-https",
            "network_security_group_name": "nginx-nsg",
            "priority": 120,
            "protocol": "Tcp",
            "resource_group_name": "rg-dev",
            "source_address_prefix": "*",
            "source_address_prefixes": null,
            "source_application_security_group_ids": null,
            "source_port_range": "*",
            "source_port_ranges": null,
            "timeouts": null
          },
          "sensitive_attributes": [],
          "private": "eyJlMmJmYjczMC1lY2FhLTExZTYtOGY4OC0zNDM2M2JjN2M0YzAiOnsiY3JlYXRlIjoxODAwMDAwMDAwMDAwLCJkZWxldGUiOjE4MDAwMDAwMDAwMDAsInJlYWQiOjMwMDAwMDAwMDAwMCwidXBkYXRlIjoxODAwMDAwMDAwMDAwfX0=",
          "dependencies": [
            "azurerm_resource_group.rg",
            "module.Vnet.azurerm_virtual_network.moduleVnet",
            "module.nginx-nsg_with_rules.azurerm_network_security_group.this",
            "module.nics.azurerm_network_interface.module-nic",
            "module.public_ips.azurerm_public_ip.module-publicIP",
            "module.subnets.azurerm_subnet.this"
          ]
        },
        {
          "index_key": "allow-nginx-to-jenkins",
          "schema_version": 0,
          "attributes": {
            "access": "Allow",
            "description": "",
            "destination_address_prefix": "10.0.2.4",
            "destination_address_prefixes": null,
            "destination_application_security_group_ids": null,
            "destination_port_range": "8080",
            "destination_port_ranges": null,
            "direction": "Outbound",
            "id": "/subscriptions/96dd7bbb-5319-4ad7-93a1-ff1de8e90a9b/resourceGroups/rg-dev/providers/Microsoft.Network/networkSecurityGroups/nginx-nsg/securityRules/allow-nginx-to-jenkins",
            "name": "allow-nginx-to-jenkins",
            "network_security_group_name": "nginx-nsg",
            "priority": 130,
            "protocol": "Tcp",
            "resource_group_name": "rg-dev",
            "source_address_prefix": "*",
            "source_address_prefixes": null,
            "source_application_security_group_ids": null,
            "source_port_range": "*",
            "source_port_ranges": null,
            "timeouts": null
          },
          "sensitive_attributes": [],
          "private": "eyJlMmJmYjczMC1lY2FhLTExZTYtOGY4OC0zNDM2M2JjN2M0YzAiOnsiY3JlYXRlIjoxODAwMDAwMDAwMDAwLCJkZWxldGUiOjE4MDAwMDAwMDAwMDAsInJlYWQiOjMwMDAwMDAwMDAwMCwidXBkYXRlIjoxODAwMDAwMDAwMDAwfX0=",
          "dependencies": [
            "azurerm_resource_group.rg",
            "module.Vnet.azurerm_virtual_network.moduleVnet",
            "module.nginx-nsg_with_rules.azurerm_network_security_group.this",
            "module.nics.azurerm_network_interface.module-nic",
            "module.public_ips.azurerm_public_ip.module-publicIP",
            "module.subnets.azurerm_subnet.this"
          ]
        },
        {
          "index_key": "allow-ssh",
          "schema_version": 0,
          "attributes": {
            "access": "Allow",
            "description": "",
            "destination_address_prefix": "*",
            "destination_address_prefixes": null,
            "destination_application_security_group_ids": null,
            "destination_port_range": "22",
            "destination_port_ranges": null,
            "direction": "Inbound",
            "id": "/subscriptions/96dd7bbb-5319-4ad7-93a1-ff1de8e90a9b/resourceGroups/rg-dev/providers/Microsoft.Network/networkSecurityGroups/nginx-nsg/securityRules/allow-ssh",
            "name": "allow-ssh",
            "network_security_group_name": "nginx-nsg",
            "priority": 100,
            "protocol": "Tcp",
            "resource_group_name": "rg-dev",
            "source_address_prefix": "*",
            "source_address_prefixes": null,
            "source_application_security_group_ids": null,
            "source_port_range": "*",
            "source_port_ranges": null,
            "timeouts": null
          },
          "sensitive_attributes": [],
          "private": "eyJlMmJmYjczMC1lY2FhLTExZTYtOGY4OC0zNDM2M2JjN2M0YzAiOnsiY3JlYXRlIjoxODAwMDAwMDAwMDAwLCJkZWxldGUiOjE4MDAwMDAwMDAwMDAsInJlYWQiOjMwMDAwMDAwMDAwMCwidXBkYXRlIjoxODAwMDAwMDAwMDAwfX0=",
          "dependencies": [
            "azurerm_resource_group.rg",
            "module.Vnet.azurerm_virtual_network.moduleVnet",
            "module.nginx-nsg_with_rules.azurerm_network_security_group.this",
            "module.nics.azurerm_network_interface.module-nic",
            "module.public_ips.azurerm_public_ip.module-publicIP",
            "module.subnets.azurerm_subnet.this"
          ]
        }
      ]
    },
    {
      "module": "module.nics[\"jenkins\"]",
      "mode": "managed",
      "type": "azurerm_network_interface",
      "name": "module-nic",
      "provider": "provider[\"registry.terraform.io/hashicorp/azurerm\"]",
      "instances": [
        {
          "schema_version": 0,
          "attributes": {
            "applied_dns_servers": [],
            "dns_servers": [],
            "edge_zone": "",
            "enable_accelerated_networking": false,
            "enable_ip_forwarding": false,
            "id": "/subscriptions/96dd7bbb-5319-4ad7-93a1-ff1de8e90a9b/resourceGroups/rg-dev/providers/Microsoft.Network/networkInterfaces/jenkins-NIC",
            "internal_dns_name_label": "",
            "internal_domain_name_suffix": "rwvmp0qemohuhl2ajh2ptww0wc.ux.internal.cloudapp.net",
            "ip_configuration": [
              {
                "gateway_load_balancer_frontend_ip_configuration_id": "",
                "name": "jenkins",
                "primary": true,
                "private_ip_address": "10.0.2.4",
                "private_ip_address_allocation": "Dynamic",
                "private_ip_address_version": "IPv4",
                "public_ip_address_id": "/subscriptions/96dd7bbb-5319-4ad7-93a1-ff1de8e90a9b/resourceGroups/rg-dev/providers/Microsoft.Network/publicIPAddresses/jenkins-publicip",
                "subnet_id": "/subscriptions/96dd7bbb-5319-4ad7-93a1-ff1de8e90a9b/resourceGroups/rg-dev/providers/Microsoft.Network/virtualNetworks/vnet-dev/subnets/subnet-jenkins"
              }
            ],
            "location": "canadacentral",
            "mac_address": "",
            "name": "jenkins-NIC",
            "private_ip_address": "10.0.2.4",
            "private_ip_addresses": [
              "10.0.2.4"
            ],
            "resource_group_name": "rg-dev",
            "tags": null,
            "timeouts": null,
            "virtual_machine_id": ""
          },
          "sensitive_attributes": [],
          "private": "eyJlMmJmYjczMC1lY2FhLTExZTYtOGY4OC0zNDM2M2JjN2M0YzAiOnsiY3JlYXRlIjoxODAwMDAwMDAwMDAwLCJkZWxldGUiOjE4MDAwMDAwMDAwMDAsInJlYWQiOjMwMDAwMDAwMDAwMCwidXBkYXRlIjoxODAwMDAwMDAwMDAwfX0=",
          "dependencies": [
            "azurerm_resource_group.rg",
            "module.Vnet.azurerm_virtual_network.moduleVnet",
            "module.public_ips.azurerm_public_ip.module-publicIP",
            "module.subnets.azurerm_subnet.this"
          ]
        }
      ]
    },
    {
      "module": "module.nics[\"nginx\"]",
      "mode": "managed",
      "type": "azurerm_network_interface",
      "name": "module-nic",
      "provider": "provider[\"registry.terraform.io/hashicorp/azurerm\"]",
      "instances": [
        {
          "schema_version": 0,
          "attributes": {
            "applied_dns_servers": [],
            "dns_servers": [],
            "edge_zone": "",
            "enable_accelerated_networking": false,
            "enable_ip_forwarding": false,
            "id": "/subscriptions/96dd7bbb-5319-4ad7-93a1-ff1de8e90a9b/resourceGroups/rg-dev/providers/Microsoft.Network/networkInterfaces/nginx-NIC",
            "internal_dns_name_label": "",
            "internal_domain_name_suffix": "rwvmp0qemohuhl2ajh2ptww0wc.ux.internal.cloudapp.net",
            "ip_configuration": [
              {
                "gateway_load_balancer_frontend_ip_configuration_id": "",
                "name": "nginx",
                "primary": true,
                "private_ip_address": "10.0.1.4",
                "private_ip_address_allocation": "Dynamic",
                "private_ip_address_version": "IPv4",
                "public_ip_address_id": "/subscriptions/96dd7bbb-5319-4ad7-93a1-ff1de8e90a9b/resourceGroups/rg-dev/providers/Microsoft.Network/publicIPAddresses/nginx-publicip",
                "subnet_id": "/subscriptions/96dd7bbb-5319-4ad7-93a1-ff1de8e90a9b/resourceGroups/rg-dev/providers/Microsoft.Network/virtualNetworks/vnet-dev/subnets/subnet-nginx"
              }
            ],
            "location": "canadacentral",
            "mac_address": "",
            "name": "nginx-NIC",
            "private_ip_address": "10.0.1.4",
            "private_ip_addresses": [
              "10.0.1.4"
            ],
            "resource_group_name": "rg-dev",
            "tags": null,
            "timeouts": null,
            "virtual_machine_id": ""
          },
          "sensitive_attributes": [],
          "private": "eyJlMmJmYjczMC1lY2FhLTExZTYtOGY4OC0zNDM2M2JjN2M0YzAiOnsiY3JlYXRlIjoxODAwMDAwMDAwMDAwLCJkZWxldGUiOjE4MDAwMDAwMDAwMDAsInJlYWQiOjMwMDAwMDAwMDAwMCwidXBkYXRlIjoxODAwMDAwMDAwMDAwfX0=",
          "dependencies": [
            "azurerm_resource_group.rg",
            "module.Vnet.azurerm_virtual_network.moduleVnet",
            "module.public_ips.azurerm_public_ip.module-publicIP",
            "module.subnets.azurerm_subnet.this"
          ]
        }
      ]
    },
    {
      "module": "module.public_ips[\"jenkins\"]",
      "mode": "managed",
      "type": "azurerm_public_ip",
      "name": "module-publicIP",
      "provider": "provider[\"registry.terraform.io/hashicorp/azurerm\"]",
      "instances": [
        {
          "schema_version": 0,
          "attributes": {
            "allocation_method": "Static",
            "domain_name_label": null,
            "edge_zone": "",
            "fqdn": null,
            "id": "/subscriptions/96dd7bbb-5319-4ad7-93a1-ff1de8e90a9b/resourceGroups/rg-dev/providers/Microsoft.Network/publicIPAddresses/jenkins-publicip",
            "idle_timeout_in_minutes": 4,
            "ip_address": "4.206.47.164",
            "ip_tags": null,
            "ip_version": "IPv4",
            "location": "canadacentral",
            "name": "jenkins-publicip",
            "public_ip_prefix_id": null,
            "resource_group_name": "rg-dev",
            "reverse_fqdn": null,
            "sku": "Basic",
            "sku_tier": "Regional",
            "tags": null,
            "timeouts": null,
            "zones": null
          },
          "sensitive_attributes": [],
          "private": "eyJlMmJmYjczMC1lY2FhLTExZTYtOGY4OC0zNDM2M2JjN2M0YzAiOnsiY3JlYXRlIjoxODAwMDAwMDAwMDAwLCJkZWxldGUiOjE4MDAwMDAwMDAwMDAsInJlYWQiOjMwMDAwMDAwMDAwMCwidXBkYXRlIjoxODAwMDAwMDAwMDAwfX0=",
          "dependencies": [
            "azurerm_resource_group.rg"
          ]
        }
      ]
    },
    {
      "module": "module.public_ips[\"nginx\"]",
      "mode": "managed",
      "type": "azurerm_public_ip",
      "name": "module-publicIP",
      "provider": "provider[\"registry.terraform.io/hashicorp/azurerm\"]",
      "instances": [
        {
          "schema_version": 0,
          "attributes": {
            "allocation_method": "Static",
            "domain_name_label": null,
            "edge_zone": "",
            "fqdn": null,
            "id": "/subscriptions/96dd7bbb-5319-4ad7-93a1-ff1de8e90a9b/resourceGroups/rg-dev/providers/Microsoft.Network/publicIPAddresses/nginx-publicip",
            "idle_timeout_in_minutes": 4,
            "ip_address": "4.206.47.157",
            "ip_tags": null,
            "ip_version": "IPv4",
            "location": "canadacentral",
            "name": "nginx-publicip",
            "public_ip_prefix_id": null,
            "resource_group_name": "rg-dev",
            "reverse_fqdn": null,
            "sku": "Basic",
            "sku_tier": "Regional",
            "tags": null,
            "timeouts": null,
            "zones": null
          },
          "sensitive_attributes": [],
          "private": "eyJlMmJmYjczMC1lY2FhLTExZTYtOGY4OC0zNDM2M2JjN2M0YzAiOnsiY3JlYXRlIjoxODAwMDAwMDAwMDAwLCJkZWxldGUiOjE4MDAwMDAwMDAwMDAsInJlYWQiOjMwMDAwMDAwMDAwMCwidXBkYXRlIjoxODAwMDAwMDAwMDAwfX0=",
          "dependencies": [
            "azurerm_resource_group.rg"
          ]
        }
      ]
    },
    {
      "module": "module.subnets[\"subnet-jenkins\"]",
      "mode": "managed",
      "type": "azurerm_subnet",
      "name": "this",
      "provider": "provider[\"registry.terraform.io/hashicorp/azurerm\"]",
      "instances": [
        {
          "schema_version": 0,
          "attributes": {
            "address_prefixes": [
              "10.0.2.0/24"
            ],
            "delegation": [],
            "enforce_private_link_endpoint_network_policies": false,
            "enforce_private_link_service_network_policies": false,
            "id": "/subscriptions/96dd7bbb-5319-4ad7-93a1-ff1de8e90a9b/resourceGroups/rg-dev/providers/Microsoft.Network/virtualNetworks/vnet-dev/subnets/subnet-jenkins",
            "name": "subnet-jenkins",
            "resource_group_name": "rg-dev",
            "service_endpoint_policy_ids": null,
            "service_endpoints": null,
            "timeouts": null,
            "virtual_network_name": "vnet-dev"
          },
          "sensitive_attributes": [],
          "private": "eyJlMmJmYjczMC1lY2FhLTExZTYtOGY4OC0zNDM2M2JjN2M0YzAiOnsiY3JlYXRlIjoxODAwMDAwMDAwMDAwLCJkZWxldGUiOjE4MDAwMDAwMDAwMDAsInJlYWQiOjMwMDAwMDAwMDAwMCwidXBkYXRlIjoxODAwMDAwMDAwMDAwfX0=",
          "dependencies": [
            "azurerm_resource_group.rg",
            "module.Vnet.azurerm_virtual_network.moduleVnet"
          ]
        }
      ]
    },
    {
      "module": "module.subnets[\"subnet-nginx\"]",
      "mode": "managed",
      "type": "azurerm_subnet",
      "name": "this",
      "provider": "provider[\"registry.terraform.io/hashicorp/azurerm\"]",
      "instances": [
        {
          "schema_version": 0,
          "attributes": {
            "address_prefixes": [
              "10.0.1.0/24"
            ],
            "delegation": [],
            "enforce_private_link_endpoint_network_policies": false,
            "enforce_private_link_service_network_policies": false,
            "id": "/subscriptions/96dd7bbb-5319-4ad7-93a1-ff1de8e90a9b/resourceGroups/rg-dev/providers/Microsoft.Network/virtualNetworks/vnet-dev/subnets/subnet-nginx",
            "name": "subnet-nginx",
            "resource_group_name": "rg-dev",
            "service_endpoint_policy_ids": null,
            "service_endpoints": null,
            "timeouts": null,
            "virtual_network_name": "vnet-dev"
          },
          "sensitive_attributes": [],
          "private": "eyJlMmJmYjczMC1lY2FhLTExZTYtOGY4OC0zNDM2M2JjN2M0YzAiOnsiY3JlYXRlIjoxODAwMDAwMDAwMDAwLCJkZWxldGUiOjE4MDAwMDAwMDAwMDAsInJlYWQiOjMwMDAwMDAwMDAwMCwidXBkYXRlIjoxODAwMDAwMDAwMDAwfX0=",
          "dependencies": [
            "azurerm_resource_group.rg",
            "module.Vnet.azurerm_virtual_network.moduleVnet"
          ]
        }
      ]
    },
    {
      "module": "module.virtualmachine[\"jenkins\"]",
      "mode": "managed",
      "type": "azurerm_linux_virtual_machine",
      "name": "module-linuxvm",
      "provider": "provider[\"registry.terraform.io/hashicorp/azurerm\"]",
      "instances": [
        {
          "schema_version": 0,
          "attributes": {
            "additional_capabilities": [],
            "admin_password": null,
            "admin_ssh_key": [
              {
                "public_key": "ssh-rsa AAAAB3NzaC1yc2EAAAADAQABAAABAQDtTF/eP0ZRYCcJ0yPP/ijIX5j4LsXBKEbbu3cyi9uWAw7KnZwQLHMrZSbpEfVn+p0YmGktvg/hcsO0vX5VQ7Wjg1KJq4+2HoL+WofEfiNJm9ct1JRVw4U5f9Fd1Qq4sqOrTyIO9my5KGL7jEuVB+CR6tylKXgfC1uQ3PlLapeUZZ5UteeKOs//IWidoK3M4lYeDISdONrtzGs9U9nbbfjpbQxhpm8ET9yZ9sNp0FIoNndxEIFuA8njmR/NuneKr+ZoSMAcYJe4ov/sNHICl6ASovScC+rnV/v4+A9BFk3HJY1grkxVsDqTSeDJBWxVQcUvkqm/Q26loRGGQPsqWWeJ balakumarpalanisamy@Mac\n",
                "username": "azureuser"
              }
            ],
            "admin_username": "azureuser",
            "allow_extension_operations": true,
            "availability_set_id": "",
            "boot_diagnostics": [],
            "computer_name": "jenkins-VM",
            "custom_data": null,
            "dedicated_host_group_id": "",
            "dedicated_host_id": "",
            "disable_password_authentication": true,
            "edge_zone": "",
            "encryption_at_host_enabled": false,
            "eviction_policy": "",
            "extensions_time_budget": "PT1H30M",
            "id": "/subscriptions/96dd7bbb-5319-4ad7-93a1-ff1de8e90a9b/resourceGroups/rg-dev/providers/Microsoft.Compute/virtualMachines/jenkins-VM",
            "identity": [],
            "license_type": "",
            "location": "canadacentral",
            "max_bid_price": -1,
            "name": "jenkins-VM",
            "network_interface_ids": [
              "/subscriptions/96dd7bbb-5319-4ad7-93a1-ff1de8e90a9b/resourceGroups/rg-dev/providers/Microsoft.Network/networkInterfaces/jenkins-NIC"
            ],
            "os_disk": [
              {
                "caching": "ReadWrite",
                "diff_disk_settings": [],
                "disk_encryption_set_id": "",
                "disk_size_gb": 30,
                "name": "jenkins-VM_disk1_86f6a5a6f24a43e882d3f0c33071b012",
                "storage_account_type": "Standard_LRS",
                "write_accelerator_enabled": false
              }
            ],
            "patch_mode": "ImageDefault",
            "plan": [],
            "platform_fault_domain": -1,
            "priority": "Regular",
            "private_ip_address": "10.0.2.4",
            "private_ip_addresses": [
              "10.0.2.4"
            ],
            "provision_vm_agent": true,
            "proximity_placement_group_id": "",
            "public_ip_address": "4.206.47.164",
            "public_ip_addresses": [
              "4.206.47.164"
            ],
            "resource_group_name": "rg-dev",
            "secret": [],
            "secure_boot_enabled": false,
            "size": "Standard_B2s",
            "source_image_id": "/subscriptions/96dd7bbb-5319-4ad7-93a1-ff1de8e90a9b/resourceGroups/vmImage/providers/Microsoft.Compute/images/jenkins-image",
            "source_image_reference": [],
            "tags": null,
            "termination_notification": null,
            "timeouts": null,
            "user_data": "",
            "virtual_machine_id": "24d6a8c1-192b-4efd-9148-83aac5e80446",
            "virtual_machine_scale_set_id": "",
            "vtpm_enabled": false,
            "zone": ""
          },
          "sensitive_attributes": [
            [
              {
                "type": "get_attr",
                "value": "custom_data"
              }
            ],
            [
              {
                "type": "get_attr",
                "value": "admin_password"
              }
            ]
          ],
          "private": "eyJlMmJmYjczMC1lY2FhLTExZTYtOGY4OC0zNDM2M2JjN2M0YzAiOnsiY3JlYXRlIjoyNzAwMDAwMDAwMDAwLCJkZWxldGUiOjI3MDAwMDAwMDAwMDAsInJlYWQiOjMwMDAwMDAwMDAwMCwidXBkYXRlIjoyNzAwMDAwMDAwMDAwfX0=",
          "dependencies": [
            "azurerm_resource_group.rg",
            "module.Vnet.azurerm_virtual_network.moduleVnet",
            "module.nics.azurerm_network_interface.module-nic",
            "module.public_ips.azurerm_public_ip.module-publicIP",
            "module.subnets.azurerm_subnet.this"
          ]
        }
      ]
    },
    {
      "module": "module.virtualmachine[\"nginx\"]",
      "mode": "managed",
      "type": "azurerm_linux_virtual_machine",
      "name": "module-linuxvm",
      "provider": "provider[\"registry.terraform.io/hashicorp/azurerm\"]",
      "instances": [
        {
          "schema_version": 0,
          "attributes": {
            "additional_capabilities": [],
            "admin_password": null,
            "admin_ssh_key": [
              {
                "public_key": "ssh-rsa AAAAB3NzaC1yc2EAAAADAQABAAABAQDtTF/eP0ZRYCcJ0yPP/ijIX5j4LsXBKEbbu3cyi9uWAw7KnZwQLHMrZSbpEfVn+p0YmGktvg/hcsO0vX5VQ7Wjg1KJq4+2HoL+WofEfiNJm9ct1JRVw4U5f9Fd1Qq4sqOrTyIO9my5KGL7jEuVB+CR6tylKXgfC1uQ3PlLapeUZZ5UteeKOs//IWidoK3M4lYeDISdONrtzGs9U9nbbfjpbQxhpm8ET9yZ9sNp0FIoNndxEIFuA8njmR/NuneKr+ZoSMAcYJe4ov/sNHICl6ASovScC+rnV/v4+A9BFk3HJY1grkxVsDqTSeDJBWxVQcUvkqm/Q26loRGGQPsqWWeJ balakumarpalanisamy@Mac\n",
                "username": "azureuser"
              }
            ],
            "admin_username": "azureuser",
            "allow_extension_operations": true,
            "availability_set_id": "",
            "boot_diagnostics": [],
            "computer_name": "nginx-VM",
            "custom_data": null,
            "dedicated_host_group_id": "",
            "dedicated_host_id": "",
            "disable_password_authentication": true,
            "edge_zone": "",
            "encryption_at_host_enabled": false,
            "eviction_policy": "",
            "extensions_time_budget": "PT1H30M",
            "id": "/subscriptions/96dd7bbb-5319-4ad7-93a1-ff1de8e90a9b/resourceGroups/rg-dev/providers/Microsoft.Compute/virtualMachines/nginx-VM",
            "identity": [],
            "license_type": "",
            "location": "canadacentral",
            "max_bid_price": -1,
            "name": "nginx-VM",
            "network_interface_ids": [
              "/subscriptions/96dd7bbb-5319-4ad7-93a1-ff1de8e90a9b/resourceGroups/rg-dev/providers/Microsoft.Network/networkInterfaces/nginx-NIC"
            ],
            "os_disk": [
              {
                "caching": "ReadWrite",
                "diff_disk_settings": [],
                "disk_encryption_set_id": "",
                "disk_size_gb": 30,
                "name": "nginx-VM_disk1_a5ef7112516e4fe8877a22a9ee6c8ba3",
                "storage_account_type": "Standard_LRS",
                "write_accelerator_enabled": false
              }
            ],
            "patch_mode": "ImageDefault",
            "plan": [],
            "platform_fault_domain": -1,
            "priority": "Regular",
            "private_ip_address": "10.0.1.4",
            "private_ip_addresses": [
              "10.0.1.4"
            ],
            "provision_vm_agent": true,
            "proximity_placement_group_id": "",
            "public_ip_address": "4.206.47.157",
            "public_ip_addresses": [
              "4.206.47.157"
            ],
            "resource_group_name": "rg-dev",
            "secret": [],
            "secure_boot_enabled": false,
            "size": "Standard_B1s",
            "source_image_id": "",
            "source_image_reference": [
              {
                "offer": "0001-com-ubuntu-server-jammy",
                "publisher": "Canonical",
                "sku": "22_04-lts",
                "version": "latest"
              }
            ],
            "tags": null,
            "termination_notification": null,
            "timeouts": null,
            "user_data": "",
            "virtual_machine_id": "579fe8ba-91ac-481e-850c-dd1f13d798cc",
            "virtual_machine_scale_set_id": "",
            "vtpm_enabled": false,
            "zone": ""
          },
          "sensitive_attributes": [
            [
              {
                "type": "get_attr",
                "value": "custom_data"
              }
            ],
            [
              {
                "type": "get_attr",
                "value": "admin_password"
              }
            ]
          ],
          "private": "eyJlMmJmYjczMC1lY2FhLTExZTYtOGY4OC0zNDM2M2JjN2M0YzAiOnsiY3JlYXRlIjoyNzAwMDAwMDAwMDAwLCJkZWxldGUiOjI3MDAwMDAwMDAwMDAsInJlYWQiOjMwMDAwMDAwMDAwMCwidXBkYXRlIjoyNzAwMDAwMDAwMDAwfX0=",
          "dependencies": [
            "azurerm_resource_group.rg",
            "module.Vnet.azurerm_virtual_network.moduleVnet",
            "module.nics.azurerm_network_interface.module-nic",
            "module.public_ips.azurerm_public_ip.module-publicIP",
            "module.subnets.azurerm_subnet.this"
          ]
        }
      ]
    }
  ],
  "check_results": null
}
